{
  "name": "harcon-mqtt",
  "version": "4.2.43",
  "lockfileVersion": 1,
  "requires": true,
  "dependencies": {
    "proback.js": {
      "version": "2.1.10",
      "resolved": "https://registry.npmjs.org/proback.js/-/proback.js-2.1.10.tgz",
      "integrity": "sha512-TIRFWYWJeZP/p2dipikebKJZhcxVO1ySsvlq+s1REjPN6nwV91Emdb+7E2wpzH0fZyjMFgk9au3YHr2grNO5/g=="
    }
  }
}
